
Microsoft Visual Studio Solution File, Format Version 12.00
# Visual Studio Version 16
VisualStudioVersion = 16.0.33214.272
MinimumVisualStudioVersion = 10.0.40219.1
Project("{FAE04EC0-301F-11D3-BF4B-00C04F79EFBC}") = "mvc_BigC", "mvc_BigC\mvc_BigC.csproj", "{0AA5544C-F4B1-4BBA-9B04-5D7CC62004BD}"
EndProject
Global
	GlobalSection(SolutionConfigurationPlatforms) = preSolution
		Debug|Any CPU = Debug|Any CPU
		Release|Any CPU = Release|Any CPU
	EndGlobalSection
	GlobalSection(ProjectConfigurationPlatforms) = postSolution
		{0AA5544C-F4B1-4BBA-9B04-5D7CC62004BD}.Debug|Any CPU.ActiveCfg = Debug|Any CPU
		{0AA5544C-F4B1-4BBA-9B04-5D7CC62004BD}.Debug|Any CPU.Build.0 = Debug|Any CPU
		{0AA5544C-F4B1-4BBA-9B04-5D7CC62004BD}.Release|Any CPU.ActiveCfg = Release|Any CPU
		{0AA5544C-F4B1-4BBA-9B04-5D7CC62004BD}.Release|Any CPU.Build.0 = Release|Any CPU
	EndGlobalSection
	GlobalSection(SolutionProperties) = preSolution
		HideSolutionNode = FALSE
	EndGlobalSection
	GlobalSection(ExtensibilityGlobals) = postSolution
		SolutionGuid = {BACCC53D-3C89-4F2D-A4A0-F44030B839A8}
	EndGlobalSection
EndGlobal
